
Microsoft Visual Studio Solution File, Format Version 12.00
# Visual Studio Version 16
VisualStudioVersion = 16.0.29911.84
MinimumVisualStudioVersion = 10.0.40219.1
Project("{FAE04EC0-301F-11D3-BF4B-00C04F79EFBC}") = "WpfDS", "WpfDS\WpfDS.csproj", "{327858F7-8C0F-4214-9EE0-FDD18835793E}"
EndProject
Global
	GlobalSection(SolutionConfigurationPlatforms) = preSolution
		Debug|Any CPU = Debug|Any CPU
		Release|Any CPU = Release|Any CPU
	EndGlobalSection
	GlobalSection(ProjectConfigurationPlatforms) = postSolution
		{327858F7-8C0F-4214-9EE0-FDD18835793E}.Debug|Any CPU.ActiveCfg = Debug|Any CPU
		{327858F7-8C0F-4214-9EE0-FDD18835793E}.Debug|Any CPU.Build.0 = Debug|Any CPU
		{327858F7-8C0F-4214-9EE0-FDD18835793E}.Release|Any CPU.ActiveCfg = Release|Any CPU
		{327858F7-8C0F-4214-9EE0-FDD18835793E}.Release|Any CPU.Build.0 = Release|Any CPU
	EndGlobalSection
	GlobalSection(SolutionProperties) = preSolution
		HideSolutionNode = FALSE
	EndGlobalSection
	GlobalSection(ExtensibilityGlobals) = postSolution
		SolutionGuid = {5A8FB001-8D36-4AB5-92AC-0ECA5190EA47}
	EndGlobalSection
EndGlobal
